<?xml version="1.0" encoding="utf-8"?>
<Project ToolsVersion="4.0" xmlns="http://schemas.microsoft.com/developer/msbuild/2003">
  <ItemGroup>
    <None Include=".editorconfig" />
    <None Include="README.md" />
  </ItemGroup>
  <ItemGroup>
    <Filter Include="Main">
      <UniqueIdentifier>{6a38a056-c52d-4d46-b140-2d79781e3405}</UniqueIdentifier>
    </Filter>
    <Filter Include="Manager">
      <UniqueIdentifier>{533e1110-1421-48f4-8d4a-2a89932e4e60}</UniqueIdentifier>
    </Filter>
    <Filter Include="Library">
      <UniqueIdentifier>{18fd71bb-4a9d-4bbc-9105-51c59d3fd0c7}</UniqueIdentifier>
    </Filter>
    <Filter Include="Scene">
      <UniqueIdentifier>{6dda6acf-542a-4ced-8a40-98af187234d3}</UniqueIdentifier>
    </Filter>
    <Filter Include="Object">
      <UniqueIdentifier>{65145e32-37fa-442c-9c1c-aaae3d53387d}</UniqueIdentifier>
    </Filter>
    <Filter Include="Debug">
      <UniqueIdentifier>{5de2a840-0fba-424d-8e84-5573288158d2}</UniqueIdentifier>
    </Filter>
    <Filter Include="Debug\ImGUI">
      <UniqueIdentifier>{29ddd6a7-cf26-4874-a519-5267fc1245d5}</UniqueIdentifier>
    </Filter>
    <Filter Include="Debug\Win32">
      <UniqueIdentifier>{411a93c3-1373-45f6-9eef-85ee7ff35d0a}</UniqueIdentifier>
    </Filter>
  </ItemGroup>
  <ItemGroup>
    <ClInclude Include="Library\Location2D.h">
      <Filter>Library</Filter>
    </ClInclude>
    <ClInclude Include="Library\Vector2D.h">
      <Filter>Library</Filter>
    </ClInclude>
    <ClInclude Include="Scene\BaseScene.h">
      <Filter>Scene</Filter>
    </ClInclude>
    <ClInclude Include="Manager\ObjectManager.h">
      <Filter>Manager</Filter>
    </ClInclude>
    <ClInclude Include="Object\Base2DObject.h">
      <Filter>Object</Filter>
    </ClInclude>
    <ClInclude Include="Object\BoxObject.h">
      <Filter>Object</Filter>
    </ClInclude>
    <ClInclude Include="Manager\SceneManager.h">
      <Filter>Manager</Filter>
    </ClInclude>
    <ClInclude Include="Scene\BootScene.h">
      <Filter>Scene</Filter>
    </ClInclude>
    <ClInclude Include="MathUtil.h">
      <Filter>Library</Filter>
    </ClInclude>
    <ClInclude Include="DebugWindow\ImGUI\imconfig.h">
      <Filter>Debug\ImGUI</Filter>
    </ClInclude>
    <ClInclude Include="DebugWindow\ImGUI\imgui.h">
      <Filter>Debug\ImGUI</Filter>
    </ClInclude>
    <ClInclude Include="DebugWindow\ImGUI\imgui_impl_dx9.h">
      <Filter>Debug\ImGUI</Filter>
    </ClInclude>
    <ClInclude Include="DebugWindow\ImGUI\imgui_impl_dx10.h">
      <Filter>Debug\ImGUI</Filter>
    </ClInclude>
    <ClInclude Include="DebugWindow\ImGUI\imgui_impl_dx11.h">
      <Filter>Debug\ImGUI</Filter>
    </ClInclude>
    <ClInclude Include="DebugWindow\ImGUI\imgui_impl_dx12.h">
      <Filter>Debug\ImGUI</Filter>
    </ClInclude>
    <ClInclude Include="DebugWindow\ImGUI\imgui_impl_win32.h">
      <Filter>Debug\ImGUI</Filter>
    </ClInclude>
    <ClInclude Include="DebugWindow\ImGUI\imgui_internal.h">
      <Filter>Debug\ImGUI</Filter>
    </ClInclude>
    <ClInclude Include="DebugWindow\ImGUI\imstb_rectpack.h">
      <Filter>Debug\ImGUI</Filter>
    </ClInclude>
    <ClInclude Include="DebugWindow\ImGUI\imstb_textedit.h">
      <Filter>Debug\ImGUI</Filter>
    </ClInclude>
    <ClInclude Include="DebugWindow\ImGUI\imstb_truetype.h">
      <Filter>Debug\ImGUI</Filter>
    </ClInclude>
    <ClInclude Include="DebugWindow\Win32\DebugWin32Window.h">
      <Filter>Debug\Win32</Filter>
    </ClInclude>
    <ClInclude Include="Object\BaseObject.h">
      <Filter>Object</Filter>
    </ClInclude>
  </ItemGroup>
  <ItemGroup>
    <ClCompile Include="Library\Vector2D.cpp">
      <Filter>Library</Filter>
    </ClCompile>
    <ClCompile Include="Library\Location2D.cpp">
      <Filter>Library</Filter>
    </ClCompile>
    <ClCompile Include="Scene\BaseScene.cpp">
      <Filter>Scene</Filter>
    </ClCompile>
    <ClCompile Include="Manager\ObjectManager.cpp">
      <Filter>Manager</Filter>
    </ClCompile>
    <ClCompile Include="Object\Base2DObject.cpp">
      <Filter>Object</Filter>
    </ClCompile>
    <ClCompile Include="Object\BoxObject.cpp">
      <Filter>Object</Filter>
    </ClCompile>
    <ClCompile Include="AppMain.cpp">
      <Filter>Main</Filter>
    </ClCompile>
    <ClCompile Include="Manager\SceneManager.cpp">
      <Filter>Manager</Filter>
    </ClCompile>
    <ClCompile Include="Scene\BootScene.cpp">
      <Filter>Scene</Filter>
    </ClCompile>
    <ClCompile Include="DebugWindow\ImGUI\imgui.cpp">
      <Filter>Debug\ImGUI</Filter>
    </ClCompile>
    <ClCompile Include="DebugWindow\ImGUI\imgui_demo.cpp">
      <Filter>Debug\ImGUI</Filter>
    </ClCompile>
    <ClCompile Include="DebugWindow\ImGUI\imgui_draw.cpp">
      <Filter>Debug\ImGUI</Filter>
    </ClCompile>
    <ClCompile Include="DebugWindow\ImGUI\imgui_impl_dx9.cpp">
      <Filter>Debug\ImGUI</Filter>
    </ClCompile>
    <ClCompile Include="DebugWindow\ImGUI\imgui_impl_dx10.cpp">
      <Filter>Debug\ImGUI</Filter>
    </ClCompile>
    <ClCompile Include="DebugWindow\ImGUI\imgui_impl_dx11.cpp">
      <Filter>Debug\ImGUI</Filter>
    </ClCompile>
    <ClCompile Include="DebugWindow\ImGUI\imgui_impl_dx12.cpp">
      <Filter>Debug\ImGUI</Filter>
    </ClCompile>
    <ClCompile Include="DebugWindow\ImGUI\imgui_impl_win32.cpp">
      <Filter>Debug\ImGUI</Filter>
    </ClCompile>
    <ClCompile Include="DebugWindow\ImGUI\imgui_tables.cpp">
      <Filter>Debug\ImGUI</Filter>
    </ClCompile>
    <ClCompile Include="DebugWindow\ImGUI\imgui_widgets.cpp">
      <Filter>Debug\ImGUI</Filter>
    </ClCompile>
    <ClCompile Include="DebugWindow\Win32\DebugWin32Window.cpp">
      <Filter>Debug\Win32</Filter>
    </ClCompile>
    <ClCompile Include="Object\BaseObject.cpp">
      <Filter>Object</Filter>
    </ClCompile>
  </ItemGroup>
</Project>